// !$*UTF8*$!
{
	archiveVersion = 1;
	classes = {
	};
	objectVersion = 46;
	objects = {

/* Begin PBXBuildFile section */
		15306AE915DEADDD00AE8E1F /* AFKissXMLRequestOperation.m in Sources */ = {isa = PBXBuildFile; fileRef = 15306AE815DEADDD00AE8E1F /* AFKissXMLRequestOperation.m */; settings = {COMPILER_FLAGS = "-fno-objc-arc"; }; };
		15306AFB15DEAE0500AE8E1F /* DDXMLElementAdditions.m in Sources */ = {isa = PBXBuildFile; fileRef = 15306AEE15DEAE0500AE8E1F /* DDXMLElementAdditions.m */; };
		15306AFC15DEAE0500AE8E1F /* NSString+DDXML.m in Sources */ = {isa = PBXBuildFile; fileRef = 15306AF115DEAE0500AE8E1F /* NSString+DDXML.m */; };
		15306AFD15DEAE0500AE8E1F /* DDXMLDocument.m in Sources */ = {isa = PBXBuildFile; fileRef = 15306AF415DEAE0500AE8E1F /* DDXMLDocument.m */; };
		15306AFE15DEAE0500AE8E1F /* DDXMLElement.m in Sources */ = {isa = PBXBuildFile; fileRef = 15306AF615DEAE0500AE8E1F /* DDXMLElement.m */; };
		15306AFF15DEAE0500AE8E1F /* DDXMLNode.m in Sources */ = {isa = PBXBuildFile; fileRef = 15306AF815DEAE0500AE8E1F /* DDXMLNode.m */; };
		153AD6FD15B5E9BA00A200A1 /* Crashlytics.framework in Frameworks */ = {isa = PBXBuildFile; fileRef = 153AD6FC15B5E9BA00A200A1 /* Crashlytics.framework */; };
		154D8D9F15DF14CA005143CD /* LocalyticsDatabase.m in Sources */ = {isa = PBXBuildFile; fileRef = 154D8D9915DF14CA005143CD /* LocalyticsDatabase.m */; settings = {COMPILER_FLAGS = "-fno-objc-arc"; }; };
		154D8DA015DF14CA005143CD /* LocalyticsSession.m in Sources */ = {isa = PBXBuildFile; fileRef = 154D8D9B15DF14CA005143CD /* LocalyticsSession.m */; settings = {COMPILER_FLAGS = "-fno-objc-arc"; }; };
		154D8DA115DF14CA005143CD /* LocalyticsUploader.m in Sources */ = {isa = PBXBuildFile; fileRef = 154D8D9D15DF14CA005143CD /* LocalyticsUploader.m */; settings = {COMPILER_FLAGS = "-fno-objc-arc"; }; };
		154D8DA415DF15DA005143CD /* libz.dylib in Frameworks */ = {isa = PBXBuildFile; fileRef = 154D8DA315DF15DA005143CD /* libz.dylib */; };
		154D8DA615DF15E3005143CD /* libsqlite3.dylib in Frameworks */ = {isa = PBXBuildFile; fileRef = 154D8DA515DF15E3005143CD /* libsqlite3.dylib */; };
		159C874C14D9E8CC000F76E0 /* QuartzCore.framework in Frameworks */ = {isa = PBXBuildFile; fileRef = 159C874B14D9E8CC000F76E0 /* QuartzCore.framework */; };
		15A0D44E14D9A44300F1FBE4 /* Default.png in Resources */ = {isa = PBXBuildFile; fileRef = 15A0D44D14D9A44300F1FBE4 /* Default.png */; };
		15A0D45014D9A44600F1FBE4 /* Default@2x.png in Resources */ = {isa = PBXBuildFile; fileRef = 15A0D44F14D9A44600F1FBE4 /* Default@2x.png */; };
		15A0D45414D9B7B500F1FBE4 /* Icon@2x.png in Resources */ = {isa = PBXBuildFile; fileRef = 15A0D45314D9B7B500F1FBE4 /* Icon@2x.png */; };
		15A0D45614D9B7B700F1FBE4 /* Icon.png in Resources */ = {isa = PBXBuildFile; fileRef = 15A0D45514D9B7B700F1FBE4 /* Icon.png */; };
		15A3C39414D916D4007BA9DD /* UIKit.framework in Frameworks */ = {isa = PBXBuildFile; fileRef = 15A3C39314D916D4007BA9DD /* UIKit.framework */; };
		15A3C39614D916D4007BA9DD /* Foundation.framework in Frameworks */ = {isa = PBXBuildFile; fileRef = 15A3C39514D916D4007BA9DD /* Foundation.framework */; };
		15A3C39814D916D4007BA9DD /* CoreGraphics.framework in Frameworks */ = {isa = PBXBuildFile; fileRef = 15A3C39714D916D4007BA9DD /* CoreGraphics.framework */; };
		15A700FC15DEA29A000114BC /* AFHTTPClient.m in Sources */ = {isa = PBXBuildFile; fileRef = 15A700E815DEA29A000114BC /* AFHTTPClient.m */; settings = {COMPILER_FLAGS = "-fno-objc-arc"; }; };
		15A700FD15DEA29A000114BC /* AFHTTPRequestOperation.m in Sources */ = {isa = PBXBuildFile; fileRef = 15A700EA15DEA29A000114BC /* AFHTTPRequestOperation.m */; settings = {COMPILER_FLAGS = "-fno-objc-arc"; }; };
		15A700FE15DEA29A000114BC /* AFImageRequestOperation.m in Sources */ = {isa = PBXBuildFile; fileRef = 15A700EC15DEA29A000114BC /* AFImageRequestOperation.m */; settings = {COMPILER_FLAGS = "-fno-objc-arc"; }; };
		15A700FF15DEA29A000114BC /* AFJSONRequestOperation.m in Sources */ = {isa = PBXBuildFile; fileRef = 15A700EE15DEA29A000114BC /* AFJSONRequestOperation.m */; settings = {COMPILER_FLAGS = "-fno-objc-arc"; }; };
		15A7010015DEA29A000114BC /* AFJSONUtilities.m in Sources */ = {isa = PBXBuildFile; fileRef = 15A700F015DEA29A000114BC /* AFJSONUtilities.m */; settings = {COMPILER_FLAGS = "-fno-objc-arc"; }; };
		15A7010115DEA29A000114BC /* AFNetworkActivityIndicatorManager.m in Sources */ = {isa = PBXBuildFile; fileRef = 15A700F215DEA29A000114BC /* AFNetworkActivityIndicatorManager.m */; settings = {COMPILER_FLAGS = "-fno-objc-arc"; }; };
		15A7010215DEA29A000114BC /* AFPropertyListRequestOperation.m in Sources */ = {isa = PBXBuildFile; fileRef = 15A700F515DEA29A000114BC /* AFPropertyListRequestOperation.m */; settings = {COMPILER_FLAGS = "-fno-objc-arc"; }; };
		15A7010315DEA29A000114BC /* AFURLConnectionOperation.m in Sources */ = {isa = PBXBuildFile; fileRef = 15A700F715DEA29A000114BC /* AFURLConnectionOperation.m */; settings = {COMPILER_FLAGS = "-fno-objc-arc"; }; };
		15A7010415DEA29A000114BC /* AFXMLRequestOperation.m in Sources */ = {isa = PBXBuildFile; fileRef = 15A700F915DEA29A000114BC /* AFXMLRequestOperation.m */; settings = {COMPILER_FLAGS = "-fno-objc-arc"; }; };
		15A7010515DEA29A000114BC /* UIImageView+AFNetworking.m in Sources */ = {isa = PBXBuildFile; fileRef = 15A700FB15DEA29A000114BC /* UIImageView+AFNetworking.m */; settings = {COMPILER_FLAGS = "-fno-objc-arc"; }; };
		15AF6A5915DED5B70034A994 /* CoreLocation.framework in Frameworks */ = {isa = PBXBuildFile; fileRef = 15AF6A5815DED5B70034A994 /* CoreLocation.framework */; };
		15AF6A6F15DEEA850034A994 /* AppDelegate.m in Sources */ = {isa = PBXBuildFile; fileRef = 15AF6A6E15DEEA850034A994 /* AppDelegate.m */; };
		15AF6A7315DEEAAA0034A994 /* ETAViewController.m in Sources */ = {isa = PBXBuildFile; fileRef = 15AF6A7115DEEAAA0034A994 /* ETAViewController.m */; };
		15AF6A7415DEEAAA0034A994 /* ETAViewController.xib in Resources */ = {isa = PBXBuildFile; fileRef = 15AF6A7215DEEAAA0034A994 /* ETAViewController.xib */; };
		15AF6A7815DEEAB90034A994 /* HelpViewController.m in Sources */ = {isa = PBXBuildFile; fileRef = 15AF6A7615DEEAB90034A994 /* HelpViewController.m */; };
		15AF6A7915DEEAB90034A994 /* HelpViewController.xib in Resources */ = {isa = PBXBuildFile; fileRef = 15AF6A7715DEEAB90034A994 /* HelpViewController.xib */; };
		15AF6A7D15DEEAC70034A994 /* MapViewController.m in Sources */ = {isa = PBXBuildFile; fileRef = 15AF6A7B15DEEAC70034A994 /* MapViewController.m */; };
		15AF6A7E15DEEAC70034A994 /* MapViewController.xib in Resources */ = {isa = PBXBuildFile; fileRef = 15AF6A7C15DEEAC70034A994 /* MapViewController.xib */; };
		15AF6A8215DEEAD20034A994 /* ScheduleViewController.m in Sources */ = {isa = PBXBuildFile; fileRef = 15AF6A8015DEEAD20034A994 /* ScheduleViewController.m */; };
		15AF6A8315DEEAD20034A994 /* ScheduleViewController.xib in Resources */ = {isa = PBXBuildFile; fileRef = 15AF6A8115DEEAD20034A994 /* ScheduleViewController.xib */; };
		15AF6A8515DEEB0D0034A994 /* main.m in Sources */ = {isa = PBXBuildFile; fileRef = 15AF6A8415DEEB0D0034A994 /* main.m */; };
		15AF6A9515DEEB520034A994 /* bus.png in Resources */ = {isa = PBXBuildFile; fileRef = 15AF6A8A15DEEB520034A994 /* bus.png */; };
		15AF6A9615DEEB520034A994 /* bus@2x.png in Resources */ = {isa = PBXBuildFile; fileRef = 15AF6A8B15DEEB520034A994 /* bus@2x.png */; };
		15AF6A9715DEEB520034A994 /* ETA.png in Resources */ = {isa = PBXBuildFile; fileRef = 15AF6A8C15DEEB520034A994 /* ETA.png */; };
		15AF6A9815DEEB520034A994 /* ETA@2x.png in Resources */ = {isa = PBXBuildFile; fileRef = 15AF6A8D15DEEB520034A994 /* ETA@2x.png */; };
		15AF6A9915DEEB520034A994 /* help.png in Resources */ = {isa = PBXBuildFile; fileRef = 15AF6A8E15DEEB520034A994 /* help.png */; };
		15AF6A9A15DEEB520034A994 /* help@2x.png in Resources */ = {isa = PBXBuildFile; fileRef = 15AF6A8F15DEEB520034A994 /* help@2x.png */; };
		15AF6A9B15DEEB520034A994 /* joey.png in Resources */ = {isa = PBXBuildFile; fileRef = 15AF6A9015DEEB520034A994 /* joey.png */; };
		15AF6A9C15DEEB520034A994 /* map.png in Resources */ = {isa = PBXBuildFile; fileRef = 15AF6A9115DEEB520034A994 /* map.png */; };
		15AF6A9D15DEEB520034A994 /* map@2x.png in Resources */ = {isa = PBXBuildFile; fileRef = 15AF6A9215DEEB520034A994 /* map@2x.png */; };
		15AF6A9E15DEEB520034A994 /* schedule.png in Resources */ = {isa = PBXBuildFile; fileRef = 15AF6A9315DEEB520034A994 /* schedule.png */; };
		15AF6A9F15DEEB520034A994 /* schedule@2x.png in Resources */ = {isa = PBXBuildFile; fileRef = 15AF6A9415DEEB520034A994 /* schedule@2x.png */; };
		15B94D0415DEC2CF00529A6E /* MapKit.framework in Frameworks */ = {isa = PBXBuildFile; fileRef = 15B94D0315DEC2CF00529A6E /* MapKit.framework */; };
/* End PBXBuildFile section */

/* Begin PBXFileReference section */
		15306AE715DEADDD00AE8E1F /* AFKissXMLRequestOperation.h */ = {isa = PBXFileReference; fileEncoding = 4; lastKnownFileType = sourcecode.c.h; path = AFKissXMLRequestOperation.h; sourceTree = "<group>"; };
		15306AE815DEADDD00AE8E1F /* AFKissXMLRequestOperation.m */ = {isa = PBXFileReference; fileEncoding = 4; lastKnownFileType = sourcecode.c.objc; path = AFKissXMLRequestOperation.m; sourceTree = "<group>"; };
		15306AED15DEAE0500AE8E1F /* DDXMLElementAdditions.h */ = {isa = PBXFileReference; fileEncoding = 4; lastKnownFileType = sourcecode.c.h; path = DDXMLElementAdditions.h; sourceTree = "<group>"; };
		15306AEE15DEAE0500AE8E1F /* DDXMLElementAdditions.m */ = {isa = PBXFileReference; fileEncoding = 4; lastKnownFileType = sourcecode.c.objc; path = DDXMLElementAdditions.m; sourceTree = "<group>"; };
		15306AF015DEAE0500AE8E1F /* NSString+DDXML.h */ = {isa = PBXFileReference; fileEncoding = 4; lastKnownFileType = sourcecode.c.h; path = "NSString+DDXML.h"; sourceTree = "<group>"; };
		15306AF115DEAE0500AE8E1F /* NSString+DDXML.m */ = {isa = PBXFileReference; fileEncoding = 4; lastKnownFileType = sourcecode.c.objc; path = "NSString+DDXML.m"; sourceTree = "<group>"; };
		15306AF215DEAE0500AE8E1F /* DDXML.h */ = {isa = PBXFileReference; fileEncoding = 4; lastKnownFileType = sourcecode.c.h; path = DDXML.h; sourceTree = "<group>"; };
		15306AF315DEAE0500AE8E1F /* DDXMLDocument.h */ = {isa = PBXFileReference; fileEncoding = 4; lastKnownFileType = sourcecode.c.h; path = DDXMLDocument.h; sourceTree = "<group>"; };
		15306AF415DEAE0500AE8E1F /* DDXMLDocument.m */ = {isa = PBXFileReference; fileEncoding = 4; lastKnownFileType = sourcecode.c.objc; path = DDXMLDocument.m; sourceTree = "<group>"; };
		15306AF515DEAE0500AE8E1F /* DDXMLElement.h */ = {isa = PBXFileReference; fileEncoding = 4; lastKnownFileType = sourcecode.c.h; path = DDXMLElement.h; sourceTree = "<group>"; };
		15306AF615DEAE0500AE8E1F /* DDXMLElement.m */ = {isa = PBXFileReference; fileEncoding = 4; lastKnownFileType = sourcecode.c.objc; path = DDXMLElement.m; sourceTree = "<group>"; };
		15306AF715DEAE0500AE8E1F /* DDXMLNode.h */ = {isa = PBXFileReference; fileEncoding = 4; lastKnownFileType = sourcecode.c.h; path = DDXMLNode.h; sourceTree = "<group>"; };
		15306AF815DEAE0500AE8E1F /* DDXMLNode.m */ = {isa = PBXFileReference; fileEncoding = 4; lastKnownFileType = sourcecode.c.objc; path = DDXMLNode.m; sourceTree = "<group>"; };
		15306AFA15DEAE0500AE8E1F /* DDXMLPrivate.h */ = {isa = PBXFileReference; fileEncoding = 4; lastKnownFileType = sourcecode.c.h; path = DDXMLPrivate.h; sourceTree = "<group>"; };
		153AD6FC15B5E9BA00A200A1 /* Crashlytics.framework */ = {isa = PBXFileReference; lastKnownFileType = wrapper.framework; path = Crashlytics.framework; sourceTree = "<group>"; };
		154D8D9815DF14CA005143CD /* LocalyticsDatabase.h */ = {isa = PBXFileReference; fileEncoding = 4; lastKnownFileType = sourcecode.c.h; path = LocalyticsDatabase.h; sourceTree = "<group>"; };
		154D8D9915DF14CA005143CD /* LocalyticsDatabase.m */ = {isa = PBXFileReference; fileEncoding = 4; lastKnownFileType = sourcecode.c.objc; path = LocalyticsDatabase.m; sourceTree = "<group>"; };
		154D8D9A15DF14CA005143CD /* LocalyticsSession.h */ = {isa = PBXFileReference; fileEncoding = 4; lastKnownFileType = sourcecode.c.h; path = LocalyticsSession.h; sourceTree = "<group>"; };
		154D8D9B15DF14CA005143CD /* LocalyticsSession.m */ = {isa = PBXFileReference; fileEncoding = 4; lastKnownFileType = sourcecode.c.objc; path = LocalyticsSession.m; sourceTree = "<group>"; };
		154D8D9C15DF14CA005143CD /* LocalyticsUploader.h */ = {isa = PBXFileReference; fileEncoding = 4; lastKnownFileType = sourcecode.c.h; path = LocalyticsUploader.h; sourceTree = "<group>"; };
		154D8D9D15DF14CA005143CD /* LocalyticsUploader.m */ = {isa = PBXFileReference; fileEncoding = 4; lastKnownFileType = sourcecode.c.objc; path = LocalyticsUploader.m; sourceTree = "<group>"; };
		154D8D9E15DF14CA005143CD /* WebserviceConstants.h */ = {isa = PBXFileReference; fileEncoding = 4; lastKnownFileType = sourcecode.c.h; path = WebserviceConstants.h; sourceTree = "<group>"; };
		154D8DA315DF15DA005143CD /* libz.dylib */ = {isa = PBXFileReference; lastKnownFileType = "compiled.mach-o.dylib"; name = libz.dylib; path = usr/lib/libz.dylib; sourceTree = SDKROOT; };
		154D8DA515DF15E3005143CD /* libsqlite3.dylib */ = {isa = PBXFileReference; lastKnownFileType = "compiled.mach-o.dylib"; name = libsqlite3.dylib; path = usr/lib/libsqlite3.dylib; sourceTree = SDKROOT; };
		159C874B14D9E8CC000F76E0 /* QuartzCore.framework */ = {isa = PBXFileReference; lastKnownFileType = wrapper.framework; name = QuartzCore.framework; path = System/Library/Frameworks/QuartzCore.framework; sourceTree = SDKROOT; };
		15A0D44D14D9A44300F1FBE4 /* Default.png */ = {isa = PBXFileReference; lastKnownFileType = image.png; path = Default.png; sourceTree = "<group>"; };
		15A0D44F14D9A44600F1FBE4 /* Default@2x.png */ = {isa = PBXFileReference; lastKnownFileType = image.png; path = "Default@2x.png"; sourceTree = "<group>"; };
		15A0D45314D9B7B500F1FBE4 /* Icon@2x.png */ = {isa = PBXFileReference; lastKnownFileType = image.png; path = "Icon@2x.png"; sourceTree = "<group>"; };
		15A0D45514D9B7B700F1FBE4 /* Icon.png */ = {isa = PBXFileReference; lastKnownFileType = image.png; path = Icon.png; sourceTree = "<group>"; };
		15A3C38F14D916D4007BA9DD /* JoeyTracker.app */ = {isa = PBXFileReference; explicitFileType = wrapper.application; includeInIndex = 0; path = JoeyTracker.app; sourceTree = BUILT_PRODUCTS_DIR; };
		15A3C39314D916D4007BA9DD /* UIKit.framework */ = {isa = PBXFileReference; lastKnownFileType = wrapper.framework; name = UIKit.framework; path = System/Library/Frameworks/UIKit.framework; sourceTree = SDKROOT; };
		15A3C39514D916D4007BA9DD /* Foundation.framework */ = {isa = PBXFileReference; lastKnownFileType = wrapper.framework; name = Foundation.framework; path = System/Library/Frameworks/Foundation.framework; sourceTree = SDKROOT; };
		15A3C39714D916D4007BA9DD /* CoreGraphics.framework */ = {isa = PBXFileReference; lastKnownFileType = wrapper.framework; name = CoreGraphics.framework; path = System/Library/Frameworks/CoreGraphics.framework; sourceTree = SDKROOT; };
		15A3C39B14D916D4007BA9DD /* JoeyTracker-Info.plist */ = {isa = PBXFileReference; lastKnownFileType = text.plist.xml; path = "JoeyTracker-Info.plist"; sourceTree = "<group>"; };
		15A3C3A114D916D4007BA9DD /* JoeyTracker-Prefix.pch */ = {isa = PBXFileReference; lastKnownFileType = sourcecode.c.h; path = "JoeyTracker-Prefix.pch"; sourceTree = "<group>"; };
		15A700E715DEA29A000114BC /* AFHTTPClient.h */ = {isa = PBXFileReference; fileEncoding = 4; lastKnownFileType = sourcecode.c.h; path = AFHTTPClient.h; sourceTree = "<group>"; };
		15A700E815DEA29A000114BC /* AFHTTPClient.m */ = {isa = PBXFileReference; fileEncoding = 4; lastKnownFileType = sourcecode.c.objc; path = AFHTTPClient.m; sourceTree = "<group>"; };
		15A700E915DEA29A000114BC /* AFHTTPRequestOperation.h */ = {isa = PBXFileReference; fileEncoding = 4; lastKnownFileType = sourcecode.c.h; path = AFHTTPRequestOperation.h; sourceTree = "<group>"; };
		15A700EA15DEA29A000114BC /* AFHTTPRequestOperation.m */ = {isa = PBXFileReference; fileEncoding = 4; lastKnownFileType = sourcecode.c.objc; path = AFHTTPRequestOperation.m; sourceTree = "<group>"; };
		15A700EB15DEA29A000114BC /* AFImageRequestOperation.h */ = {isa = PBXFileReference; fileEncoding = 4; lastKnownFileType = sourcecode.c.h; path = AFImageRequestOperation.h; sourceTree = "<group>"; };
		15A700EC15DEA29A000114BC /* AFImageRequestOperation.m */ = {isa = PBXFileReference; fileEncoding = 4; lastKnownFileType = sourcecode.c.objc; path = AFImageRequestOperation.m; sourceTree = "<group>"; };
		15A700ED15DEA29A000114BC /* AFJSONRequestOperation.h */ = {isa = PBXFileReference; fileEncoding = 4; lastKnownFileType = sourcecode.c.h; path = AFJSONRequestOperation.h; sourceTree = "<group>"; };
		15A700EE15DEA29A000114BC /* AFJSONRequestOperation.m */ = {isa = PBXFileReference; fileEncoding = 4; lastKnownFileType = sourcecode.c.objc; path = AFJSONRequestOperation.m; sourceTree = "<group>"; };
		15A700EF15DEA29A000114BC /* AFJSONUtilities.h */ = {isa = PBXFileReference; fileEncoding = 4; lastKnownFileType = sourcecode.c.h; path = AFJSONUtilities.h; sourceTree = "<group>"; };
		15A700F015DEA29A000114BC /* AFJSONUtilities.m */ = {isa = PBXFileReference; fileEncoding = 4; lastKnownFileType = sourcecode.c.objc; path = AFJSONUtilities.m; sourceTree = "<group>"; };
		15A700F115DEA29A000114BC /* AFNetworkActivityIndicatorManager.h */ = {isa = PBXFileReference; fileEncoding = 4; lastKnownFileType = sourcecode.c.h; path = AFNetworkActivityIndicatorManager.h; sourceTree = "<group>"; };
		15A700F215DEA29A000114BC /* AFNetworkActivityIndicatorManager.m */ = {isa = PBXFileReference; fileEncoding = 4; lastKnownFileType = sourcecode.c.objc; path = AFNetworkActivityIndicatorManager.m; sourceTree = "<group>"; };
		15A700F315DEA29A000114BC /* AFNetworking.h */ = {isa = PBXFileReference; fileEncoding = 4; lastKnownFileType = sourcecode.c.h; path = AFNetworking.h; sourceTree = "<group>"; };
		15A700F415DEA29A000114BC /* AFPropertyListRequestOperation.h */ = {isa = PBXFileReference; fileEncoding = 4; lastKnownFileType = sourcecode.c.h; path = AFPropertyListRequestOperation.h; sourceTree = "<group>"; };
		15A700F515DEA29A000114BC /* AFPropertyListRequestOperation.m */ = {isa = PBXFileReference; fileEncoding = 4; lastKnownFileType = sourcecode.c.objc; path = AFPropertyListRequestOperation.m; sourceTree = "<group>"; };
		15A700F615DEA29A000114BC /* AFURLConnectionOperation.h */ = {isa = PBXFileReference; fileEncoding = 4; lastKnownFileType = sourcecode.c.h; path = AFURLConnectionOperation.h; sourceTree = "<group>"; };
		15A700F715DEA29A000114BC /* AFURLConnectionOperation.m */ = {isa = PBXFileReference; fileEncoding = 4; lastKnownFileType = sourcecode.c.objc; path = AFURLConnectionOperation.m; sourceTree = "<group>"; };
		15A700F815DEA29A000114BC /* AFXMLRequestOperation.h */ = {isa = PBXFileReference; fileEncoding = 4; lastKnownFileType = sourcecode.c.h; path = AFXMLRequestOperation.h; sourceTree = "<group>"; };
		15A700F915DEA29A000114BC /* AFXMLRequestOperation.m */ = {isa = PBXFileReference; fileEncoding = 4; lastKnownFileType = sourcecode.c.objc; path = AFXMLRequestOperation.m; sourceTree = "<group>"; };
		15A700FA15DEA29A000114BC /* UIImageView+AFNetworking.h */ = {isa = PBXFileReference; fileEncoding = 4; lastKnownFileType = sourcecode.c.h; path = "UIImageView+AFNetworking.h"; sourceTree = "<group>"; };
		15A700FB15DEA29A000114BC /* UIImageView+AFNetworking.m */ = {isa = PBXFileReference; fileEncoding = 4; lastKnownFileType = sourcecode.c.objc; path = "UIImageView+AFNetworking.m"; sourceTree = "<group>"; };
		15AF6A5815DED5B70034A994 /* CoreLocation.framework */ = {isa = PBXFileReference; lastKnownFileType = wrapper.framework; name = CoreLocation.framework; path = System/Library/Frameworks/CoreLocation.framework; sourceTree = SDKROOT; };
		15AF6A6D15DEEA850034A994 /* AppDelegate.h */ = {isa = PBXFileReference; fileEncoding = 4; lastKnownFileType = sourcecode.c.h; path = AppDelegate.h; sourceTree = SOURCE_ROOT; };
		15AF6A6E15DEEA850034A994 /* AppDelegate.m */ = {isa = PBXFileReference; fileEncoding = 4; lastKnownFileType = sourcecode.c.objc; path = AppDelegate.m; sourceTree = SOURCE_ROOT; };
		15AF6A7015DEEAAA0034A994 /* ETAViewController.h */ = {isa = PBXFileReference; fileEncoding = 4; lastKnownFileType = sourcecode.c.h; path = ETAViewController.h; sourceTree = SOURCE_ROOT; };
		15AF6A7115DEEAAA0034A994 /* ETAViewController.m */ = {isa = PBXFileReference; fileEncoding = 4; lastKnownFileType = sourcecode.c.objc; path = ETAViewController.m; sourceTree = SOURCE_ROOT; };
		15AF6A7215DEEAAA0034A994 /* ETAViewController.xib */ = {isa = PBXFileReference; fileEncoding = 4; lastKnownFileType = file.xib; path = ETAViewController.xib; sourceTree = SOURCE_ROOT; };
		15AF6A7515DEEAB90034A994 /* HelpViewController.h */ = {isa = PBXFileReference; fileEncoding = 4; lastKnownFileType = sourcecode.c.h; path = HelpViewController.h; sourceTree = SOURCE_ROOT; };
		15AF6A7615DEEAB90034A994 /* HelpViewController.m */ = {isa = PBXFileReference; fileEncoding = 4; lastKnownFileType = sourcecode.c.objc; path = HelpViewController.m; sourceTree = SOURCE_ROOT; };
		15AF6A7715DEEAB90034A994 /* HelpViewController.xib */ = {isa = PBXFileReference; fileEncoding = 4; lastKnownFileType = file.xib; path = HelpViewController.xib; sourceTree = SOURCE_ROOT; };
		15AF6A7A15DEEAC70034A994 /* MapViewController.h */ = {isa = PBXFileReference; fileEncoding = 4; lastKnownFileType = sourcecode.c.h; path = MapViewController.h; sourceTree = SOURCE_ROOT; };
		15AF6A7B15DEEAC70034A994 /* MapViewController.m */ = {isa = PBXFileReference; fileEncoding = 4; lastKnownFileType = sourcecode.c.objc; path = MapViewController.m; sourceTree = SOURCE_ROOT; };
		15AF6A7C15DEEAC70034A994 /* MapViewController.xib */ = {isa = PBXFileReference; fileEncoding = 4; lastKnownFileType = file.xib; path = MapViewController.xib; sourceTree = SOURCE_ROOT; };
		15AF6A7F15DEEAD20034A994 /* ScheduleViewController.h */ = {isa = PBXFileReference; fileEncoding = 4; lastKnownFileType = sourcecode.c.h; path = ScheduleViewController.h; sourceTree = SOURCE_ROOT; };
		15AF6A8015DEEAD20034A994 /* ScheduleViewController.m */ = {isa = PBXFileReference; fileEncoding = 4; lastKnownFileType = sourcecode.c.objc; path = ScheduleViewController.m; sourceTree = SOURCE_ROOT; };
		15AF6A8115DEEAD20034A994 /* ScheduleViewController.xib */ = {isa = PBXFileReference; fileEncoding = 4; lastKnownFileType = file.xib; path = ScheduleViewController.xib; sourceTree = SOURCE_ROOT; };
		15AF6A8415DEEB0D0034A994 /* main.m */ = {isa = PBXFileReference; fileEncoding = 4; lastKnownFileType = sourcecode.c.objc; path = main.m; sourceTree = SOURCE_ROOT; };
		15AF6A8A15DEEB520034A994 /* bus.png */ = {isa = PBXFileReference; lastKnownFileType = image.png; path = bus.png; sourceTree = SOURCE_ROOT; };
		15AF6A8B15DEEB520034A994 /* bus@2x.png */ = {isa = PBXFileReference; lastKnownFileType = image.png; path = "bus@2x.png"; sourceTree = SOURCE_ROOT; };
		15AF6A8C15DEEB520034A994 /* ETA.png */ = {isa = PBXFileReference; lastKnownFileType = image.png; path = ETA.png; sourceTree = SOURCE_ROOT; };
		15AF6A8D15DEEB520034A994 /* ETA@2x.png */ = {isa = PBXFileReference; lastKnownFileType = image.png; path = "ETA@2x.png"; sourceTree = SOURCE_ROOT; };
		15AF6A8E15DEEB520034A994 /* help.png */ = {isa = PBXFileReference; lastKnownFileType = image.png; path = help.png; sourceTree = SOURCE_ROOT; };
		15AF6A8F15DEEB520034A994 /* help@2x.png */ = {isa = PBXFileReference; lastKnownFileType = image.png; path = "help@2x.png"; sourceTree = SOURCE_ROOT; };
		15AF6A9015DEEB520034A994 /* joey.png */ = {isa = PBXFileReference; lastKnownFileType = image.png; path = joey.png; sourceTree = SOURCE_ROOT; };
		15AF6A9115DEEB520034A994 /* map.png */ = {isa = PBXFileReference; lastKnownFileType = image.png; path = map.png; sourceTree = SOURCE_ROOT; };
		15AF6A9215DEEB520034A994 /* map@2x.png */ = {isa = PBXFileReference; lastKnownFileType = image.png; path = "map@2x.png"; sourceTree = SOURCE_ROOT; };
		15AF6A9315DEEB520034A994 /* schedule.png */ = {isa = PBXFileReference; lastKnownFileType = image.png; path = schedule.png; sourceTree = SOURCE_ROOT; };
		15AF6A9415DEEB520034A994 /* schedule@2x.png */ = {isa = PBXFileReference; lastKnownFileType = image.png; path = "schedule@2x.png"; sourceTree = SOURCE_ROOT; };
		15B94D0315DEC2CF00529A6E /* MapKit.framework */ = {isa = PBXFileReference; lastKnownFileType = wrapper.framework; name = MapKit.framework; path = System/Library/Frameworks/MapKit.framework; sourceTree = SDKROOT; };
/* End PBXFileReference section */

/* Begin PBXFrameworksBuildPhase section */
		15A3C38C14D916D4007BA9DD /* Frameworks */ = {
			isa = PBXFrameworksBuildPhase;
			buildActionMask = 2147483647;
			files = (
				154D8DA615DF15E3005143CD /* libsqlite3.dylib in Frameworks */,
				154D8DA415DF15DA005143CD /* libz.dylib in Frameworks */,
				15AF6A5915DED5B70034A994 /* CoreLocation.framework in Frameworks */,
				15B94D0415DEC2CF00529A6E /* MapKit.framework in Frameworks */,
				159C874C14D9E8CC000F76E0 /* QuartzCore.framework in Frameworks */,
				15A3C39414D916D4007BA9DD /* UIKit.framework in Frameworks */,
				15A3C39614D916D4007BA9DD /* Foundation.framework in Frameworks */,
				15A3C39814D916D4007BA9DD /* CoreGraphics.framework in Frameworks */,
				153AD6FD15B5E9BA00A200A1 /* Crashlytics.framework in Frameworks */,
			);
			runOnlyForDeploymentPostprocessing = 0;
		};
/* End PBXFrameworksBuildPhase section */

/* Begin PBXGroup section */
		15306AEB15DEAE0500AE8E1F /* KissXML */ = {
			isa = PBXGroup;
			children = (
				15306AEC15DEAE0500AE8E1F /* Additions */,
				15306AEF15DEAE0500AE8E1F /* Categories */,
				15306AF215DEAE0500AE8E1F /* DDXML.h */,
				15306AF315DEAE0500AE8E1F /* DDXMLDocument.h */,
				15306AF415DEAE0500AE8E1F /* DDXMLDocument.m */,
				15306AF515DEAE0500AE8E1F /* DDXMLElement.h */,
				15306AF615DEAE0500AE8E1F /* DDXMLElement.m */,
				15306AF715DEAE0500AE8E1F /* DDXMLNode.h */,
				15306AF815DEAE0500AE8E1F /* DDXMLNode.m */,
				15306AF915DEAE0500AE8E1F /* Private */,
			);
			path = KissXML;
			sourceTree = "<group>";
		};
		15306AEC15DEAE0500AE8E1F /* Additions */ = {
			isa = PBXGroup;
			children = (
				15306AED15DEAE0500AE8E1F /* DDXMLElementAdditions.h */,
				15306AEE15DEAE0500AE8E1F /* DDXMLElementAdditions.m */,
			);
			path = Additions;
			sourceTree = "<group>";
		};
		15306AEF15DEAE0500AE8E1F /* Categories */ = {
			isa = PBXGroup;
			children = (
				15306AF015DEAE0500AE8E1F /* NSString+DDXML.h */,
				15306AF115DEAE0500AE8E1F /* NSString+DDXML.m */,
			);
			path = Categories;
			sourceTree = "<group>";
		};
		15306AF915DEAE0500AE8E1F /* Private */ = {
			isa = PBXGroup;
			children = (
				15306AFA15DEAE0500AE8E1F /* DDXMLPrivate.h */,
			);
			path = Private;
			sourceTree = "<group>";
		};
		154D8D9715DF14CA005143CD /* Localytics */ = {
			isa = PBXGroup;
			children = (
				154D8D9815DF14CA005143CD /* LocalyticsDatabase.h */,
				154D8D9915DF14CA005143CD /* LocalyticsDatabase.m */,
				154D8D9A15DF14CA005143CD /* LocalyticsSession.h */,
				154D8D9B15DF14CA005143CD /* LocalyticsSession.m */,
				154D8D9C15DF14CA005143CD /* LocalyticsUploader.h */,
				154D8D9D15DF14CA005143CD /* LocalyticsUploader.m */,
				154D8D9E15DF14CA005143CD /* WebserviceConstants.h */,
			);
			path = Localytics;
			sourceTree = "<group>";
		};
		15A3C38414D916D3007BA9DD = {
			isa = PBXGroup;
			children = (
				15A0D44D14D9A44300F1FBE4 /* Default.png */,
				15A0D44F14D9A44600F1FBE4 /* Default@2x.png */,
				15A0D45514D9B7B700F1FBE4 /* Icon.png */,
				15A0D45314D9B7B500F1FBE4 /* Icon@2x.png */,
				15A3C39914D916D4007BA9DD /* JoeyTracker */,
				15A3C39214D916D4007BA9DD /* Frameworks */,
				15A3C39014D916D4007BA9DD /* Products */,
			);
			sourceTree = "<group>";
		};
		15A3C39014D916D4007BA9DD /* Products */ = {
			isa = PBXGroup;
			children = (
				15A3C38F14D916D4007BA9DD /* JoeyTracker.app */,
			);
			name = Products;
			sourceTree = "<group>";
		};
		15A3C39214D916D4007BA9DD /* Frameworks */ = {
			isa = PBXGroup;
			children = (
				15A700E615DEA29A000114BC /* AFNetworking */,
				15A3C39714D916D4007BA9DD /* CoreGraphics.framework */,
				15AF6A5815DED5B70034A994 /* CoreLocation.framework */,
				153AD6FC15B5E9BA00A200A1 /* Crashlytics.framework */,
				15A3C39514D916D4007BA9DD /* Foundation.framework */,
				15306AEB15DEAE0500AE8E1F /* KissXML */,
				154D8DA515DF15E3005143CD /* libsqlite3.dylib */,
				154D8DA315DF15DA005143CD /* libz.dylib */,
				154D8D9715DF14CA005143CD /* Localytics */,
				15B94D0315DEC2CF00529A6E /* MapKit.framework */,
				159C874B14D9E8CC000F76E0 /* QuartzCore.framework */,
				15A3C39314D916D4007BA9DD /* UIKit.framework */,
			);
			name = Frameworks;
			sourceTree = "<group>";
		};
		15A3C39914D916D4007BA9DD /* JoeyTracker */ = {
			isa = PBXGroup;
			children = (
				15AF6A6D15DEEA850034A994 /* AppDelegate.h */,
				15AF6A6E15DEEA850034A994 /* AppDelegate.m */,
				15AF6A7015DEEAAA0034A994 /* ETAViewController.h */,
				15AF6A7115DEEAAA0034A994 /* ETAViewController.m */,
				15AF6A7515DEEAB90034A994 /* HelpViewController.h */,
				15AF6A7615DEEAB90034A994 /* HelpViewController.m */,
				15AF6A7A15DEEAC70034A994 /* MapViewController.h */,
				15AF6A7B15DEEAC70034A994 /* MapViewController.m */,
				15AF6A7F15DEEAD20034A994 /* ScheduleViewController.h */,
				15AF6A8015DEEAD20034A994 /* ScheduleViewController.m */,
				15AF6A7215DEEAAA0034A994 /* ETAViewController.xib */,
				15AF6A7715DEEAB90034A994 /* HelpViewController.xib */,
				15AF6A7C15DEEAC70034A994 /* MapViewController.xib */,
				15AF6A8115DEEAD20034A994 /* ScheduleViewController.xib */,
				15A3C39A14D916D4007BA9DD /* Supporting Files */,
			);
			path = JoeyTracker;
			sourceTree = "<group>";
		};
		15A3C39A14D916D4007BA9DD /* Supporting Files */ = {
			isa = PBXGroup;
			children = (
				15AF6A8915DEEB2F0034A994 /* Images */,
				15AF6A8415DEEB0D0034A994 /* main.m */,
				15A3C39B14D916D4007BA9DD /* JoeyTracker-Info.plist */,
				15A3C3A114D916D4007BA9DD /* JoeyTracker-Prefix.pch */,
			);
			name = "Supporting Files";
			sourceTree = "<group>";
		};
		15A700E615DEA29A000114BC /* AFNetworking */ = {
			isa = PBXGroup;
			children = (
				15306AE715DEADDD00AE8E1F /* AFKissXMLRequestOperation.h */,
				15306AE815DEADDD00AE8E1F /* AFKissXMLRequestOperation.m */,
				15A700E715DEA29A000114BC /* AFHTTPClient.h */,
				15A700E815DEA29A000114BC /* AFHTTPClient.m */,
				15A700E915DEA29A000114BC /* AFHTTPRequestOperation.h */,
				15A700EA15DEA29A000114BC /* AFHTTPRequestOperation.m */,
				15A700EB15DEA29A000114BC /* AFImageRequestOperation.h */,
				15A700EC15DEA29A000114BC /* AFImageRequestOperation.m */,
				15A700ED15DEA29A000114BC /* AFJSONRequestOperation.h */,
				15A700EE15DEA29A000114BC /* AFJSONRequestOperation.m */,
				15A700EF15DEA29A000114BC /* AFJSONUtilities.h */,
				15A700F015DEA29A000114BC /* AFJSONUtilities.m */,
				15A700F115DEA29A000114BC /* AFNetworkActivityIndicatorManager.h */,
				15A700F215DEA29A000114BC /* AFNetworkActivityIndicatorManager.m */,
				15A700F315DEA29A000114BC /* AFNetworking.h */,
				15A700F415DEA29A000114BC /* AFPropertyListRequestOperation.h */,
				15A700F515DEA29A000114BC /* AFPropertyListRequestOperation.m */,
				15A700F615DEA29A000114BC /* AFURLConnectionOperation.h */,
				15A700F715DEA29A000114BC /* AFURLConnectionOperation.m */,
				15A700F815DEA29A000114BC /* AFXMLRequestOperation.h */,
				15A700F915DEA29A000114BC /* AFXMLRequestOperation.m */,
				15A700FA15DEA29A000114BC /* UIImageView+AFNetworking.h */,
				15A700FB15DEA29A000114BC /* UIImageView+AFNetworking.m */,
			);
			path = AFNetworking;
			sourceTree = "<group>";
		};
		15AF6A8915DEEB2F0034A994 /* Images */ = {
			isa = PBXGroup;
			children = (
				15AF6A8A15DEEB520034A994 /* bus.png */,
				15AF6A8B15DEEB520034A994 /* bus@2x.png */,
				15AF6A8C15DEEB520034A994 /* ETA.png */,
				15AF6A8D15DEEB520034A994 /* ETA@2x.png */,
				15AF6A8E15DEEB520034A994 /* help.png */,
				15AF6A8F15DEEB520034A994 /* help@2x.png */,
				15AF6A9015DEEB520034A994 /* joey.png */,
				15AF6A9115DEEB520034A994 /* map.png */,
				15AF6A9215DEEB520034A994 /* map@2x.png */,
				15AF6A9315DEEB520034A994 /* schedule.png */,
				15AF6A9415DEEB520034A994 /* schedule@2x.png */,
			);
			name = Images;
			sourceTree = "<group>";
		};
/* End PBXGroup section */

/* Begin PBXNativeTarget section */
		15A3C38E14D916D4007BA9DD /* JoeyTracker */ = {
			isa = PBXNativeTarget;
			buildConfigurationList = 15A3C3BB14D916D4007BA9DD /* Build configuration list for PBXNativeTarget "JoeyTracker" */;
			buildPhases = (
				15A3C38B14D916D4007BA9DD /* Sources */,
				15A3C38C14D916D4007BA9DD /* Frameworks */,
				15A3C38D14D916D4007BA9DD /* Resources */,
				153AD6FA15B5E99000A200A1 /* ShellScript */,
			);
			buildRules = (
			);
			dependencies = (
			);
			name = JoeyTracker;
			productName = JoeyTracker;
			productReference = 15A3C38F14D916D4007BA9DD /* JoeyTracker.app */;
			productType = "com.apple.product-type.application";
		};
/* End PBXNativeTarget section */

/* Begin PBXProject section */
		15A3C38614D916D3007BA9DD /* Project object */ = {
			isa = PBXProject;
			attributes = {
				LastUpgradeCheck = 0450;
			};
			buildConfigurationList = 15A3C38914D916D3007BA9DD /* Build configuration list for PBXProject "JoeyTracker" */;
			compatibilityVersion = "Xcode 3.2";
			developmentRegion = English;
			hasScannedForEncodings = 0;
			knownRegions = (
				en,
			);
			mainGroup = 15A3C38414D916D3007BA9DD;
			productRefGroup = 15A3C39014D916D4007BA9DD /* Products */;
			projectDirPath = "";
			projectRoot = "";
			targets = (
				15A3C38E14D916D4007BA9DD /* JoeyTracker */,
			);
		};
/* End PBXProject section */

/* Begin PBXResourcesBuildPhase section */
		15A3C38D14D916D4007BA9DD /* Resources */ = {
			isa = PBXResourcesBuildPhase;
			buildActionMask = 2147483647;
			files = (
				15A0D44E14D9A44300F1FBE4 /* Default.png in Resources */,
				15A0D45014D9A44600F1FBE4 /* Default@2x.png in Resources */,
				15A0D45414D9B7B500F1FBE4 /* Icon@2x.png in Resources */,
				15A0D45614D9B7B700F1FBE4 /* Icon.png in Resources */,
				15AF6A7415DEEAAA0034A994 /* ETAViewController.xib in Resources */,
				15AF6A7915DEEAB90034A994 /* HelpViewController.xib in Resources */,
				15AF6A7E15DEEAC70034A994 /* MapViewController.xib in Resources */,
				15AF6A8315DEEAD20034A994 /* ScheduleViewController.xib in Resources */,
				15AF6A9515DEEB520034A994 /* bus.png in Resources */,
				15AF6A9615DEEB520034A994 /* bus@2x.png in Resources */,
				15AF6A9715DEEB520034A994 /* ETA.png in Resources */,
				15AF6A9815DEEB520034A994 /* ETA@2x.png in Resources */,
				15AF6A9915DEEB520034A994 /* help.png in Resources */,
				15AF6A9A15DEEB520034A994 /* help@2x.png in Resources */,
				15AF6A9B15DEEB520034A994 /* joey.png in Resources */,
				15AF6A9C15DEEB520034A994 /* map.png in Resources */,
				15AF6A9D15DEEB520034A994 /* map@2x.png in Resources */,
				15AF6A9E15DEEB520034A994 /* schedule.png in Resources */,
				15AF6A9F15DEEB520034A994 /* schedule@2x.png in Resources */,
			);
			runOnlyForDeploymentPostprocessing = 0;
		};
/* End PBXResourcesBuildPhase section */

/* Begin PBXShellScriptBuildPhase section */
		153AD6FA15B5E99000A200A1 /* ShellScript */ = {
			isa = PBXShellScriptBuildPhase;
			buildActionMask = 2147483647;
			files = (
			);
			inputPaths = (
			);
			outputPaths = (
			);
			runOnlyForDeploymentPostprocessing = 0;
			shellPath = /bin/sh;
			shellScript = "./Crashlytics.framework/run ad868b2e526ef2c302085800eb912abf93c6f510";
		};
/* End PBXShellScriptBuildPhase section */

/* Begin PBXSourcesBuildPhase section */
		15A3C38B14D916D4007BA9DD /* Sources */ = {
			isa = PBXSourcesBuildPhase;
			buildActionMask = 2147483647;
			files = (
				15A700FC15DEA29A000114BC /* AFHTTPClient.m in Sources */,
				15A700FD15DEA29A000114BC /* AFHTTPRequestOperation.m in Sources */,
				15A700FE15DEA29A000114BC /* AFImageRequestOperation.m in Sources */,
				15A700FF15DEA29A000114BC /* AFJSONRequestOperation.m in Sources */,
				15A7010015DEA29A000114BC /* AFJSONUtilities.m in Sources */,
				15A7010115DEA29A000114BC /* AFNetworkActivityIndicatorManager.m in Sources */,
				15A7010215DEA29A000114BC /* AFPropertyListRequestOperation.m in Sources */,
				15A7010315DEA29A000114BC /* AFURLConnectionOperation.m in Sources */,
				15A7010415DEA29A000114BC /* AFXMLRequestOperation.m in Sources */,
				15A7010515DEA29A000114BC /* UIImageView+AFNetworking.m in Sources */,
				15306AE915DEADDD00AE8E1F /* AFKissXMLRequestOperation.m in Sources */,
				15306AFB15DEAE0500AE8E1F /* DDXMLElementAdditions.m in Sources */,
				15306AFC15DEAE0500AE8E1F /* NSString+DDXML.m in Sources */,
				15306AFD15DEAE0500AE8E1F /* DDXMLDocument.m in Sources */,
				15306AFE15DEAE0500AE8E1F /* DDXMLElement.m in Sources */,
				15306AFF15DEAE0500AE8E1F /* DDXMLNode.m in Sources */,
				15AF6A6F15DEEA850034A994 /* AppDelegate.m in Sources */,
				15AF6A7315DEEAAA0034A994 /* ETAViewController.m in Sources */,
				15AF6A7815DEEAB90034A994 /* HelpViewController.m in Sources */,
				15AF6A7D15DEEAC70034A994 /* MapViewController.m in Sources */,
				15AF6A8215DEEAD20034A994 /* ScheduleViewController.m in Sources */,
				15AF6A8515DEEB0D0034A994 /* main.m in Sources */,
				154D8D9F15DF14CA005143CD /* LocalyticsDatabase.m in Sources */,
				154D8DA015DF14CA005143CD /* LocalyticsSession.m in Sources */,
				154D8DA115DF14CA005143CD /* LocalyticsUploader.m in Sources */,
			);
			runOnlyForDeploymentPostprocessing = 0;
		};
/* End PBXSourcesBuildPhase section */

/* Begin XCBuildConfiguration section */
		15A3C3B914D916D4007BA9DD /* Debug */ = {
			isa = XCBuildConfiguration;
			buildSettings = {
				ALWAYS_SEARCH_USER_PATHS = NO;
				ARCHS = (
					armv7,
					armv6,
				);
				CODE_SIGN_IDENTITY = "iPhone Developer";
				COPY_PHASE_STRIP = NO;
				GCC_C_LANGUAGE_STANDARD = gnu99;
				GCC_DYNAMIC_NO_PIC = NO;
				GCC_OPTIMIZATION_LEVEL = 0;
				GCC_PREPROCESSOR_DEFINITIONS = (
					"DEBUG=1",
					"$(inherited)",
				);
				GCC_SYMBOLS_PRIVATE_EXTERN = NO;
				GCC_THUMB_SUPPORT = NO;
				GCC_VERSION = com.apple.compilers.llvm.clang.1_0;
				GCC_WARN_ABOUT_MISSING_PROTOTYPES = YES;
				GCC_WARN_ABOUT_RETURN_TYPE = YES;
				GCC_WARN_UNUSED_VARIABLE = YES;
				HEADER_SEARCH_PATHS = /usr/include/libxml2;
				IPHONEOS_DEPLOYMENT_TARGET = 4.0;
				OTHER_LDFLAGS = "-lxml2";
				PROVISIONING_PROFILE = "";
				SDKROOT = iphoneos;
			};
			name = Debug;
		};
		15A3C3BA14D916D4007BA9DD /* Release */ = {
			isa = XCBuildConfiguration;
			buildSettings = {
				ALWAYS_SEARCH_USER_PATHS = NO;
				ARCHS = (
					armv7,
					armv6,
				);
				CODE_SIGN_IDENTITY = "iPhone Distribution";
				COPY_PHASE_STRIP = YES;
				GCC_C_LANGUAGE_STANDARD = gnu99;
				GCC_THUMB_SUPPORT = NO;
				GCC_VERSION = com.apple.compilers.llvm.clang.1_0;
				GCC_WARN_ABOUT_MISSING_PROTOTYPES = YES;
				GCC_WARN_ABOUT_RETURN_TYPE = YES;
				GCC_WARN_UNUSED_VARIABLE = YES;
				HEADER_SEARCH_PATHS = /usr/include/libxml2;
				IPHONEOS_DEPLOYMENT_TARGET = 4.0;
				OTHER_CFLAGS = "-DNS_BLOCK_ASSERTIONS=1";
				OTHER_LDFLAGS = "-lxml2";
				PROVISIONING_PROFILE = "";
				SDKROOT = iphoneos;
				VALIDATE_PRODUCT = YES;
			};
			name = Release;
		};
		15A3C3BC14D916D4007BA9DD /* Debug */ = {
			isa = XCBuildConfiguration;
			buildSettings = {
				CLANG_ENABLE_OBJC_ARC = YES;
				CODE_SIGN_IDENTITY = "iPhone Developer";
				"CODE_SIGN_IDENTITY[sdk=iphoneos*]" = "iPhone Developer";
				FRAMEWORK_SEARCH_PATHS = (
					"$(inherited)",
					"\"$(SRCROOT)\"",
				);
				GCC_PRECOMPILE_PREFIX_HEADER = YES;
				GCC_PREFIX_HEADER = "JoeyTracker-Prefix.pch";
				GCC_THUMB_SUPPORT = NO;
				GCC_VERSION = com.apple.compilers.llvm.clang.1_0;
				INFOPLIST_FILE = "JoeyTracker-Info.plist";
				IPHONEOS_DEPLOYMENT_TARGET = 4.0;
				PRODUCT_NAME = "$(TARGET_NAME)";
				PROVISIONING_PROFILE = "";
				"PROVISIONING_PROFILE[sdk=iphoneos*]" = "";
				VALID_ARCHS = "armv7 armv6";
				WRAPPER_EXTENSION = app;
			};
			name = Debug;
		};
		15A3C3BD14D916D4007BA9DD /* Release */ = {
			isa = XCBuildConfiguration;
			buildSettings = {
				CLANG_ENABLE_OBJC_ARC = YES;
				CODE_SIGN_IDENTITY = "iPhone Distribution";
				"CODE_SIGN_IDENTITY[sdk=iphoneos*]" = "iPhone Distribution";
				FRAMEWORK_SEARCH_PATHS = (
					"$(inherited)",
					"\"$(SRCROOT)\"",
				);
				GCC_PRECOMPILE_PREFIX_HEADER = YES;
				GCC_PREFIX_HEADER = "JoeyTracker-Prefix.pch";
				GCC_THUMB_SUPPORT = NO;
				GCC_VERSION = com.apple.compilers.llvm.clang.1_0;
				INFOPLIST_FILE = "JoeyTracker-Info.plist";
				IPHONEOS_DEPLOYMENT_TARGET = 4.0;
				PRODUCT_NAME = "$(TARGET_NAME)";
				PROVISIONING_PROFILE = "";
				"PROVISIONING_PROFILE[sdk=iphoneos*]" = "";
				VALID_ARCHS = "armv7 armv6";
				WRAPPER_EXTENSION = app;
			};
			name = Release;
		};
/* End XCBuildConfiguration section */

/* Begin XCConfigurationList section */
		15A3C38914D916D3007BA9DD /* Build configuration list for PBXProject "JoeyTracker" */ = {
			isa = XCConfigurationList;
			buildConfigurations = (
				15A3C3B914D916D4007BA9DD /* Debug */,
				15A3C3BA14D916D4007BA9DD /* Release */,
			);
			defaultConfigurationIsVisible = 0;
			defaultConfigurationName = Release;
		};
		15A3C3BB14D916D4007BA9DD /* Build configuration list for PBXNativeTarget "JoeyTracker" */ = {
			isa = XCConfigurationList;
			buildConfigurations = (
				15A3C3BC14D916D4007BA9DD /* Debug */,
				15A3C3BD14D916D4007BA9DD /* Release */,
			);
			defaultConfigurationIsVisible = 0;
			defaultConfigurationName = Release;
		};
/* End XCConfigurationList section */
	};
	rootObject = 15A3C38614D916D3007BA9DD /* Project object */;
}
