// !$*UTF8*$!
{
	archiveVersion = 1;
	classes = {
	};
	objectVersion = 46;
	objects = {

/* Begin PBXBuildFile section */
		153AD6FD15B5E9BA00A200A1 /* Crashlytics.framework in Frameworks */ = {isa = PBXBuildFile; fileRef = 153AD6FC15B5E9BA00A200A1 /* Crashlytics.framework */; };
		15754B7014D9230500F19CBF /* help.png in Resources */ = {isa = PBXBuildFile; fileRef = 15754B6E14D9230500F19CBF /* help.png */; };
		15754B7114D9230500F19CBF /* help@2x.png in Resources */ = {isa = PBXBuildFile; fileRef = 15754B6F14D9230500F19CBF /* help@2x.png */; };
		15754B7614D98DAF00F19CBF /* ScheduleViewController.m in Sources */ = {isa = PBXBuildFile; fileRef = 15754B7514D98DAF00F19CBF /* ScheduleViewController.m */; };
		15754B7914D98E6B00F19CBF /* schedule.png in Resources */ = {isa = PBXBuildFile; fileRef = 15754B7714D98E6A00F19CBF /* schedule.png */; };
		15754B7A14D98E6B00F19CBF /* schedule@2x.png in Resources */ = {isa = PBXBuildFile; fileRef = 15754B7814D98E6A00F19CBF /* schedule@2x.png */; };
		159C874514D9BA07000F76E0 /* TBXML.m in Sources */ = {isa = PBXBuildFile; fileRef = 159C874414D9BA07000F76E0 /* TBXML.m */; };
		159C874A14D9BA4F000F76E0 /* TBXML+HTTP.m in Sources */ = {isa = PBXBuildFile; fileRef = 159C874914D9BA4F000F76E0 /* TBXML+HTTP.m */; };
		159C874C14D9E8CC000F76E0 /* QuartzCore.framework in Frameworks */ = {isa = PBXBuildFile; fileRef = 159C874B14D9E8CC000F76E0 /* QuartzCore.framework */; };
		15A0D44814D9A27100F1FBE4 /* joey.png in Resources */ = {isa = PBXBuildFile; fileRef = 15A0D44714D9A27100F1FBE4 /* joey.png */; };
		15A0D44E14D9A44300F1FBE4 /* Default.png in Resources */ = {isa = PBXBuildFile; fileRef = 15A0D44D14D9A44300F1FBE4 /* Default.png */; };
		15A0D45014D9A44600F1FBE4 /* Default@2x.png in Resources */ = {isa = PBXBuildFile; fileRef = 15A0D44F14D9A44600F1FBE4 /* Default@2x.png */; };
		15A0D45414D9B7B500F1FBE4 /* Icon@2x.png in Resources */ = {isa = PBXBuildFile; fileRef = 15A0D45314D9B7B500F1FBE4 /* Icon@2x.png */; };
		15A0D45614D9B7B700F1FBE4 /* Icon.png in Resources */ = {isa = PBXBuildFile; fileRef = 15A0D45514D9B7B700F1FBE4 /* Icon.png */; };
		15A3C39414D916D4007BA9DD /* UIKit.framework in Frameworks */ = {isa = PBXBuildFile; fileRef = 15A3C39314D916D4007BA9DD /* UIKit.framework */; };
		15A3C39614D916D4007BA9DD /* Foundation.framework in Frameworks */ = {isa = PBXBuildFile; fileRef = 15A3C39514D916D4007BA9DD /* Foundation.framework */; };
		15A3C39814D916D4007BA9DD /* CoreGraphics.framework in Frameworks */ = {isa = PBXBuildFile; fileRef = 15A3C39714D916D4007BA9DD /* CoreGraphics.framework */; };
		15A3C3A014D916D4007BA9DD /* main.m in Sources */ = {isa = PBXBuildFile; fileRef = 15A3C39F14D916D4007BA9DD /* main.m */; };
		15A3C3A414D916D4007BA9DD /* AppDelegate.m in Sources */ = {isa = PBXBuildFile; fileRef = 15A3C3A314D916D4007BA9DD /* AppDelegate.m */; };
		15A3C3A714D916D4007BA9DD /* ETAViewController.m in Sources */ = {isa = PBXBuildFile; fileRef = 15A3C3A614D916D4007BA9DD /* ETAViewController.m */; };
		15A3C3AE14D916D4007BA9DD /* MapViewController.m in Sources */ = {isa = PBXBuildFile; fileRef = 15A3C3AD14D916D4007BA9DD /* MapViewController.m */; };
		15A3C3C414D91A54007BA9DD /* HelpViewController.m in Sources */ = {isa = PBXBuildFile; fileRef = 15A3C3C314D91A54007BA9DD /* HelpViewController.m */; };
		15A3C3CA14D91C80007BA9DD /* ETA.png in Resources */ = {isa = PBXBuildFile; fileRef = 15A3C3C814D91C7F007BA9DD /* ETA.png */; };
		15A3C3CB14D91C80007BA9DD /* ETA@2x.png in Resources */ = {isa = PBXBuildFile; fileRef = 15A3C3C914D91C7F007BA9DD /* ETA@2x.png */; };
		15A3C3CE14D91C92007BA9DD /* map.png in Resources */ = {isa = PBXBuildFile; fileRef = 15A3C3CC14D91C91007BA9DD /* map.png */; };
		15A3C3CF14D91C92007BA9DD /* map@2x.png in Resources */ = {isa = PBXBuildFile; fileRef = 15A3C3CD14D91C91007BA9DD /* map@2x.png */; };
		15E836D5155485AD00C54696 /* ETAViewController.xib in Resources */ = {isa = PBXBuildFile; fileRef = 15E836D4155485AD00C54696 /* ETAViewController.xib */; };
		15E836D8155485BB00C54696 /* HelpViewController.xib in Resources */ = {isa = PBXBuildFile; fileRef = 15E836D6155485BB00C54696 /* HelpViewController.xib */; };
		15E836D9155485BB00C54696 /* MapViewController.xib in Resources */ = {isa = PBXBuildFile; fileRef = 15E836D7155485BB00C54696 /* MapViewController.xib */; };
		15E836DB155485D800C54696 /* ScheduleViewController.xib in Resources */ = {isa = PBXBuildFile; fileRef = 15E836DA155485D800C54696 /* ScheduleViewController.xib */; };
/* End PBXBuildFile section */

/* Begin PBXFileReference section */
		153AD6FC15B5E9BA00A200A1 /* Crashlytics.framework */ = {isa = PBXFileReference; lastKnownFileType = wrapper.framework; path = Crashlytics.framework; sourceTree = "<group>"; };
		15754B6E14D9230500F19CBF /* help.png */ = {isa = PBXFileReference; lastKnownFileType = image.png; path = help.png; sourceTree = "<group>"; };
		15754B6F14D9230500F19CBF /* help@2x.png */ = {isa = PBXFileReference; lastKnownFileType = image.png; path = "help@2x.png"; sourceTree = "<group>"; };
		15754B7414D98DA400F19CBF /* ScheduleViewController.h */ = {isa = PBXFileReference; fileEncoding = 4; lastKnownFileType = sourcecode.c.h; path = ScheduleViewController.h; sourceTree = "<group>"; };
		15754B7514D98DAF00F19CBF /* ScheduleViewController.m */ = {isa = PBXFileReference; fileEncoding = 4; lastKnownFileType = sourcecode.c.objc; path = ScheduleViewController.m; sourceTree = "<group>"; };
		15754B7714D98E6A00F19CBF /* schedule.png */ = {isa = PBXFileReference; lastKnownFileType = image.png; path = schedule.png; sourceTree = "<group>"; };
		15754B7814D98E6A00F19CBF /* schedule@2x.png */ = {isa = PBXFileReference; lastKnownFileType = image.png; path = "schedule@2x.png"; sourceTree = "<group>"; };
		159C874414D9BA07000F76E0 /* TBXML.m */ = {isa = PBXFileReference; fileEncoding = 4; lastKnownFileType = sourcecode.c.objc; name = TBXML.m; path = TBXML/TBXML.m; sourceTree = "<group>"; };
		159C874714D9BA10000F76E0 /* TBXML.h */ = {isa = PBXFileReference; fileEncoding = 4; lastKnownFileType = sourcecode.c.h; name = TBXML.h; path = TBXML/TBXML.h; sourceTree = "<group>"; };
		159C874814D9BA44000F76E0 /* TBXML+HTTP.h */ = {isa = PBXFileReference; fileEncoding = 4; lastKnownFileType = sourcecode.c.h; name = "TBXML+HTTP.h"; path = "TBXML/TBXML+HTTP.h"; sourceTree = "<group>"; };
		159C874914D9BA4F000F76E0 /* TBXML+HTTP.m */ = {isa = PBXFileReference; fileEncoding = 4; lastKnownFileType = sourcecode.c.objc; name = "TBXML+HTTP.m"; path = "TBXML/TBXML+HTTP.m"; sourceTree = "<group>"; };
		159C874B14D9E8CC000F76E0 /* QuartzCore.framework */ = {isa = PBXFileReference; lastKnownFileType = wrapper.framework; name = QuartzCore.framework; path = System/Library/Frameworks/QuartzCore.framework; sourceTree = SDKROOT; };
		15A0D44714D9A27100F1FBE4 /* joey.png */ = {isa = PBXFileReference; lastKnownFileType = image.png; path = joey.png; sourceTree = "<group>"; };
		15A0D44D14D9A44300F1FBE4 /* Default.png */ = {isa = PBXFileReference; lastKnownFileType = image.png; path = Default.png; sourceTree = "<group>"; };
		15A0D44F14D9A44600F1FBE4 /* Default@2x.png */ = {isa = PBXFileReference; lastKnownFileType = image.png; path = "Default@2x.png"; sourceTree = "<group>"; };
		15A0D45314D9B7B500F1FBE4 /* Icon@2x.png */ = {isa = PBXFileReference; lastKnownFileType = image.png; path = "Icon@2x.png"; sourceTree = "<group>"; };
		15A0D45514D9B7B700F1FBE4 /* Icon.png */ = {isa = PBXFileReference; lastKnownFileType = image.png; path = Icon.png; sourceTree = "<group>"; };
		15A3C38F14D916D4007BA9DD /* JoeyTracker.app */ = {isa = PBXFileReference; explicitFileType = wrapper.application; includeInIndex = 0; path = JoeyTracker.app; sourceTree = BUILT_PRODUCTS_DIR; };
		15A3C39314D916D4007BA9DD /* UIKit.framework */ = {isa = PBXFileReference; lastKnownFileType = wrapper.framework; name = UIKit.framework; path = System/Library/Frameworks/UIKit.framework; sourceTree = SDKROOT; };
		15A3C39514D916D4007BA9DD /* Foundation.framework */ = {isa = PBXFileReference; lastKnownFileType = wrapper.framework; name = Foundation.framework; path = System/Library/Frameworks/Foundation.framework; sourceTree = SDKROOT; };
		15A3C39714D916D4007BA9DD /* CoreGraphics.framework */ = {isa = PBXFileReference; lastKnownFileType = wrapper.framework; name = CoreGraphics.framework; path = System/Library/Frameworks/CoreGraphics.framework; sourceTree = SDKROOT; };
		15A3C39B14D916D4007BA9DD /* JoeyTracker-Info.plist */ = {isa = PBXFileReference; lastKnownFileType = text.plist.xml; path = "JoeyTracker-Info.plist"; sourceTree = "<group>"; };
		15A3C39F14D916D4007BA9DD /* main.m */ = {isa = PBXFileReference; lastKnownFileType = sourcecode.c.objc; path = main.m; sourceTree = "<group>"; };
		15A3C3A114D916D4007BA9DD /* JoeyTracker-Prefix.pch */ = {isa = PBXFileReference; lastKnownFileType = sourcecode.c.h; path = "JoeyTracker-Prefix.pch"; sourceTree = "<group>"; };
		15A3C3A214D916D4007BA9DD /* AppDelegate.h */ = {isa = PBXFileReference; lastKnownFileType = sourcecode.c.h; path = AppDelegate.h; sourceTree = "<group>"; };
		15A3C3A314D916D4007BA9DD /* AppDelegate.m */ = {isa = PBXFileReference; lastKnownFileType = sourcecode.c.objc; path = AppDelegate.m; sourceTree = "<group>"; };
		15A3C3A514D916D4007BA9DD /* ETAViewController.h */ = {isa = PBXFileReference; lastKnownFileType = sourcecode.c.h; path = ETAViewController.h; sourceTree = "<group>"; };
		15A3C3A614D916D4007BA9DD /* ETAViewController.m */ = {isa = PBXFileReference; lastKnownFileType = sourcecode.c.objc; path = ETAViewController.m; sourceTree = "<group>"; };
		15A3C3AC14D916D4007BA9DD /* MapViewController.h */ = {isa = PBXFileReference; lastKnownFileType = sourcecode.c.h; path = MapViewController.h; sourceTree = "<group>"; };
		15A3C3AD14D916D4007BA9DD /* MapViewController.m */ = {isa = PBXFileReference; lastKnownFileType = sourcecode.c.objc; path = MapViewController.m; sourceTree = "<group>"; };
		15A3C3C214D91A4B007BA9DD /* HelpViewController.h */ = {isa = PBXFileReference; fileEncoding = 4; lastKnownFileType = sourcecode.c.h; path = HelpViewController.h; sourceTree = "<group>"; };
		15A3C3C314D91A54007BA9DD /* HelpViewController.m */ = {isa = PBXFileReference; fileEncoding = 4; lastKnownFileType = sourcecode.c.objc; path = HelpViewController.m; sourceTree = "<group>"; };
		15A3C3C814D91C7F007BA9DD /* ETA.png */ = {isa = PBXFileReference; lastKnownFileType = image.png; path = ETA.png; sourceTree = "<group>"; };
		15A3C3C914D91C7F007BA9DD /* ETA@2x.png */ = {isa = PBXFileReference; lastKnownFileType = image.png; path = "ETA@2x.png"; sourceTree = "<group>"; };
		15A3C3CC14D91C91007BA9DD /* map.png */ = {isa = PBXFileReference; lastKnownFileType = image.png; path = map.png; sourceTree = "<group>"; };
		15A3C3CD14D91C91007BA9DD /* map@2x.png */ = {isa = PBXFileReference; lastKnownFileType = image.png; path = "map@2x.png"; sourceTree = "<group>"; };
		15E836D4155485AD00C54696 /* ETAViewController.xib */ = {isa = PBXFileReference; fileEncoding = 4; lastKnownFileType = file.xib; path = ETAViewController.xib; sourceTree = "<group>"; };
		15E836D6155485BB00C54696 /* HelpViewController.xib */ = {isa = PBXFileReference; fileEncoding = 4; lastKnownFileType = file.xib; path = HelpViewController.xib; sourceTree = "<group>"; };
		15E836D7155485BB00C54696 /* MapViewController.xib */ = {isa = PBXFileReference; fileEncoding = 4; lastKnownFileType = file.xib; path = MapViewController.xib; sourceTree = "<group>"; };
		15E836DA155485D800C54696 /* ScheduleViewController.xib */ = {isa = PBXFileReference; fileEncoding = 4; lastKnownFileType = file.xib; path = ScheduleViewController.xib; sourceTree = "<group>"; };
/* End PBXFileReference section */

/* Begin PBXFrameworksBuildPhase section */
		15A3C38C14D916D4007BA9DD /* Frameworks */ = {
			isa = PBXFrameworksBuildPhase;
			buildActionMask = 2147483647;
			files = (
				159C874C14D9E8CC000F76E0 /* QuartzCore.framework in Frameworks */,
				15A3C39414D916D4007BA9DD /* UIKit.framework in Frameworks */,
				15A3C39614D916D4007BA9DD /* Foundation.framework in Frameworks */,
				15A3C39814D916D4007BA9DD /* CoreGraphics.framework in Frameworks */,
				153AD6FD15B5E9BA00A200A1 /* Crashlytics.framework in Frameworks */,
			);
			runOnlyForDeploymentPostprocessing = 0;
		};
/* End PBXFrameworksBuildPhase section */

/* Begin PBXGroup section */
		15A0D45714D9B93400F1FBE4 /* TBXML */ = {
			isa = PBXGroup;
			children = (
				159C874914D9BA4F000F76E0 /* TBXML+HTTP.m */,
				159C874814D9BA44000F76E0 /* TBXML+HTTP.h */,
				159C874714D9BA10000F76E0 /* TBXML.h */,
				159C874414D9BA07000F76E0 /* TBXML.m */,
			);
			name = TBXML;
			sourceTree = "<group>";
		};
		15A3C38414D916D3007BA9DD = {
			isa = PBXGroup;
			children = (
				15E836DA155485D800C54696 /* ScheduleViewController.xib */,
				15E836D6155485BB00C54696 /* HelpViewController.xib */,
				15E836D7155485BB00C54696 /* MapViewController.xib */,
				15E836D4155485AD00C54696 /* ETAViewController.xib */,
				15A0D44714D9A27100F1FBE4 /* joey.png */,
				15754B7714D98E6A00F19CBF /* schedule.png */,
				15754B7814D98E6A00F19CBF /* schedule@2x.png */,
				15754B6E14D9230500F19CBF /* help.png */,
				15754B6F14D9230500F19CBF /* help@2x.png */,
				15A3C3CC14D91C91007BA9DD /* map.png */,
				15A3C3CD14D91C91007BA9DD /* map@2x.png */,
				15A3C3C814D91C7F007BA9DD /* ETA.png */,
				15A3C3C914D91C7F007BA9DD /* ETA@2x.png */,
				15A3C39F14D916D4007BA9DD /* main.m */,
				15A3C3A214D916D4007BA9DD /* AppDelegate.h */,
				15A3C3A314D916D4007BA9DD /* AppDelegate.m */,
				15A3C3A514D916D4007BA9DD /* ETAViewController.h */,
				15A3C3A614D916D4007BA9DD /* ETAViewController.m */,
				15A3C3AC14D916D4007BA9DD /* MapViewController.h */,
				15A3C3AD14D916D4007BA9DD /* MapViewController.m */,
				15754B7414D98DA400F19CBF /* ScheduleViewController.h */,
				15754B7514D98DAF00F19CBF /* ScheduleViewController.m */,
				15A3C3C214D91A4B007BA9DD /* HelpViewController.h */,
				15A3C3C314D91A54007BA9DD /* HelpViewController.m */,
				15A0D45714D9B93400F1FBE4 /* TBXML */,
				15A0D45514D9B7B700F1FBE4 /* Icon.png */,
				15A0D45314D9B7B500F1FBE4 /* Icon@2x.png */,
				15A0D44F14D9A44600F1FBE4 /* Default@2x.png */,
				15A0D44D14D9A44300F1FBE4 /* Default.png */,
				15A3C39914D916D4007BA9DD /* JoeyTracker */,
				15A3C39214D916D4007BA9DD /* Frameworks */,
				15A3C39014D916D4007BA9DD /* Products */,
			);
			sourceTree = "<group>";
		};
		15A3C39014D916D4007BA9DD /* Products */ = {
			isa = PBXGroup;
			children = (
				15A3C38F14D916D4007BA9DD /* JoeyTracker.app */,
			);
			name = Products;
			sourceTree = "<group>";
		};
		15A3C39214D916D4007BA9DD /* Frameworks */ = {
			isa = PBXGroup;
			children = (
				153AD6FC15B5E9BA00A200A1 /* Crashlytics.framework */,
				159C874B14D9E8CC000F76E0 /* QuartzCore.framework */,
				15A3C39314D916D4007BA9DD /* UIKit.framework */,
				15A3C39514D916D4007BA9DD /* Foundation.framework */,
				15A3C39714D916D4007BA9DD /* CoreGraphics.framework */,
			);
			name = Frameworks;
			sourceTree = "<group>";
		};
		15A3C39914D916D4007BA9DD /* JoeyTracker */ = {
			isa = PBXGroup;
			children = (
				15A3C39A14D916D4007BA9DD /* Supporting Files */,
			);
			path = JoeyTracker;
			sourceTree = "<group>";
		};
		15A3C39A14D916D4007BA9DD /* Supporting Files */ = {
			isa = PBXGroup;
			children = (
				15A3C39B14D916D4007BA9DD /* JoeyTracker-Info.plist */,
				15A3C3A114D916D4007BA9DD /* JoeyTracker-Prefix.pch */,
			);
			name = "Supporting Files";
			sourceTree = "<group>";
		};
/* End PBXGroup section */

/* Begin PBXNativeTarget section */
		15A3C38E14D916D4007BA9DD /* JoeyTracker */ = {
			isa = PBXNativeTarget;
			buildConfigurationList = 15A3C3BB14D916D4007BA9DD /* Build configuration list for PBXNativeTarget "JoeyTracker" */;
			buildPhases = (
				15A3C38B14D916D4007BA9DD /* Sources */,
				15A3C38C14D916D4007BA9DD /* Frameworks */,
				15A3C38D14D916D4007BA9DD /* Resources */,
				153AD6FA15B5E99000A200A1 /* ShellScript */,
			);
			buildRules = (
			);
			dependencies = (
			);
			name = JoeyTracker;
			productName = JoeyTracker;
			productReference = 15A3C38F14D916D4007BA9DD /* JoeyTracker.app */;
			productType = "com.apple.product-type.application";
		};
/* End PBXNativeTarget section */

/* Begin PBXProject section */
		15A3C38614D916D3007BA9DD /* Project object */ = {
			isa = PBXProject;
			attributes = {
				LastUpgradeCheck = 0420;
			};
			buildConfigurationList = 15A3C38914D916D3007BA9DD /* Build configuration list for PBXProject "JoeyTracker" */;
			compatibilityVersion = "Xcode 3.2";
			developmentRegion = English;
			hasScannedForEncodings = 0;
			knownRegions = (
				en,
			);
			mainGroup = 15A3C38414D916D3007BA9DD;
			productRefGroup = 15A3C39014D916D4007BA9DD /* Products */;
			projectDirPath = "";
			projectRoot = "";
			targets = (
				15A3C38E14D916D4007BA9DD /* JoeyTracker */,
			);
		};
/* End PBXProject section */

/* Begin PBXResourcesBuildPhase section */
		15A3C38D14D916D4007BA9DD /* Resources */ = {
			isa = PBXResourcesBuildPhase;
			buildActionMask = 2147483647;
			files = (
				15A3C3CA14D91C80007BA9DD /* ETA.png in Resources */,
				15A3C3CB14D91C80007BA9DD /* ETA@2x.png in Resources */,
				15A3C3CE14D91C92007BA9DD /* map.png in Resources */,
				15A3C3CF14D91C92007BA9DD /* map@2x.png in Resources */,
				15754B7014D9230500F19CBF /* help.png in Resources */,
				15754B7114D9230500F19CBF /* help@2x.png in Resources */,
				15754B7914D98E6B00F19CBF /* schedule.png in Resources */,
				15754B7A14D98E6B00F19CBF /* schedule@2x.png in Resources */,
				15A0D44814D9A27100F1FBE4 /* joey.png in Resources */,
				15A0D44E14D9A44300F1FBE4 /* Default.png in Resources */,
				15A0D45014D9A44600F1FBE4 /* Default@2x.png in Resources */,
				15A0D45414D9B7B500F1FBE4 /* Icon@2x.png in Resources */,
				15A0D45614D9B7B700F1FBE4 /* Icon.png in Resources */,
				15E836D5155485AD00C54696 /* ETAViewController.xib in Resources */,
				15E836D8155485BB00C54696 /* HelpViewController.xib in Resources */,
				15E836D9155485BB00C54696 /* MapViewController.xib in Resources */,
				15E836DB155485D800C54696 /* ScheduleViewController.xib in Resources */,
			);
			runOnlyForDeploymentPostprocessing = 0;
		};
/* End PBXResourcesBuildPhase section */

/* Begin PBXShellScriptBuildPhase section */
		153AD6FA15B5E99000A200A1 /* ShellScript */ = {
			isa = PBXShellScriptBuildPhase;
			buildActionMask = 2147483647;
			files = (
			);
			inputPaths = (
			);
			outputPaths = (
			);
			runOnlyForDeploymentPostprocessing = 0;
			shellPath = /bin/sh;
			shellScript = "./Crashlytics.framework/run ad868b2e526ef2c302085800eb912abf93c6f510";
		};
/* End PBXShellScriptBuildPhase section */

/* Begin PBXSourcesBuildPhase section */
		15A3C38B14D916D4007BA9DD /* Sources */ = {
			isa = PBXSourcesBuildPhase;
			buildActionMask = 2147483647;
			files = (
				15A3C3A014D916D4007BA9DD /* main.m in Sources */,
				15A3C3A414D916D4007BA9DD /* AppDelegate.m in Sources */,
				15A3C3A714D916D4007BA9DD /* ETAViewController.m in Sources */,
				15A3C3AE14D916D4007BA9DD /* MapViewController.m in Sources */,
				15A3C3C414D91A54007BA9DD /* HelpViewController.m in Sources */,
				15754B7614D98DAF00F19CBF /* ScheduleViewController.m in Sources */,
				159C874514D9BA07000F76E0 /* TBXML.m in Sources */,
				159C874A14D9BA4F000F76E0 /* TBXML+HTTP.m in Sources */,
			);
			runOnlyForDeploymentPostprocessing = 0;
		};
/* End PBXSourcesBuildPhase section */

/* Begin XCBuildConfiguration section */
		15A3C3B914D916D4007BA9DD /* Debug */ = {
			isa = XCBuildConfiguration;
			buildSettings = {
				ALWAYS_SEARCH_USER_PATHS = NO;
				ARCHS = (
					armv7,
					armv6,
				);
				"CODE_SIGN_IDENTITY[sdk=iphoneos*]" = "iPhone Developer";
				COPY_PHASE_STRIP = NO;
				GCC_C_LANGUAGE_STANDARD = gnu99;
				GCC_DYNAMIC_NO_PIC = NO;
				GCC_OPTIMIZATION_LEVEL = 0;
				GCC_PREPROCESSOR_DEFINITIONS = (
					"DEBUG=1",
					"$(inherited)",
				);
				GCC_SYMBOLS_PRIVATE_EXTERN = NO;
				GCC_VERSION = com.apple.compilers.llvm.clang.1_0;
				GCC_WARN_ABOUT_MISSING_PROTOTYPES = YES;
				GCC_WARN_ABOUT_RETURN_TYPE = YES;
				GCC_WARN_UNUSED_VARIABLE = YES;
				IPHONEOS_DEPLOYMENT_TARGET = 3.0;
				SDKROOT = iphoneos;
			};
			name = Debug;
		};
		15A3C3BA14D916D4007BA9DD /* Release */ = {
			isa = XCBuildConfiguration;
			buildSettings = {
				ALWAYS_SEARCH_USER_PATHS = NO;
				ARCHS = (
					armv7,
					armv6,
				);
				"CODE_SIGN_IDENTITY[sdk=iphoneos*]" = "iPhone Developer";
				COPY_PHASE_STRIP = YES;
				GCC_C_LANGUAGE_STANDARD = gnu99;
				GCC_VERSION = com.apple.compilers.llvm.clang.1_0;
				GCC_WARN_ABOUT_MISSING_PROTOTYPES = YES;
				GCC_WARN_ABOUT_RETURN_TYPE = YES;
				GCC_WARN_UNUSED_VARIABLE = YES;
				IPHONEOS_DEPLOYMENT_TARGET = 3.0;
				OTHER_CFLAGS = "-DNS_BLOCK_ASSERTIONS=1";
				SDKROOT = iphoneos;
				VALIDATE_PRODUCT = YES;
			};
			name = Release;
		};
		15A3C3BC14D916D4007BA9DD /* Debug */ = {
			isa = XCBuildConfiguration;
			buildSettings = {
				FRAMEWORK_SEARCH_PATHS = (
					"$(inherited)",
					"\"$(SRCROOT)\"",
				);
				GCC_PRECOMPILE_PREFIX_HEADER = YES;
				GCC_PREFIX_HEADER = "JoeyTracker-Prefix.pch";
				INFOPLIST_FILE = "JoeyTracker-Info.plist";
				IPHONEOS_DEPLOYMENT_TARGET = 3.0;
				PRODUCT_NAME = "$(TARGET_NAME)";
				WRAPPER_EXTENSION = app;
			};
			name = Debug;
		};
		15A3C3BD14D916D4007BA9DD /* Release */ = {
			isa = XCBuildConfiguration;
			buildSettings = {
				FRAMEWORK_SEARCH_PATHS = (
					"$(inherited)",
					"\"$(SRCROOT)\"",
				);
				GCC_PRECOMPILE_PREFIX_HEADER = YES;
				GCC_PREFIX_HEADER = "JoeyTracker-Prefix.pch";
				INFOPLIST_FILE = "JoeyTracker-Info.plist";
				IPHONEOS_DEPLOYMENT_TARGET = 3.0;
				PRODUCT_NAME = "$(TARGET_NAME)";
				WRAPPER_EXTENSION = app;
			};
			name = Release;
		};
/* End XCBuildConfiguration section */

/* Begin XCConfigurationList section */
		15A3C38914D916D3007BA9DD /* Build configuration list for PBXProject "JoeyTracker" */ = {
			isa = XCConfigurationList;
			buildConfigurations = (
				15A3C3B914D916D4007BA9DD /* Debug */,
				15A3C3BA14D916D4007BA9DD /* Release */,
			);
			defaultConfigurationIsVisible = 0;
			defaultConfigurationName = Release;
		};
		15A3C3BB14D916D4007BA9DD /* Build configuration list for PBXNativeTarget "JoeyTracker" */ = {
			isa = XCConfigurationList;
			buildConfigurations = (
				15A3C3BC14D916D4007BA9DD /* Debug */,
				15A3C3BD14D916D4007BA9DD /* Release */,
			);
			defaultConfigurationIsVisible = 0;
			defaultConfigurationName = Release;
		};
/* End XCConfigurationList section */
	};
	rootObject = 15A3C38614D916D3007BA9DD /* Project object */;
}
